
Microsoft Visual Studio Solution File, Format Version 12.00
# Visual Studio 15
VisualStudioVersion = 15.0.28307.421
MinimumVisualStudioVersion = 10.0.40219.1
Project("{FAE04EC0-301F-11D3-BF4B-00C04F79EFBC}") = "HCIProjekat", "HCIProjekat\HCIProjekat.csproj", "{EB20517F-45E8-44B9-A5EC-2CD5971A0DDA}"
EndProject
Global
	GlobalSection(SolutionConfigurationPlatforms) = preSolution
		Debug|Any CPU = Debug|Any CPU
		Release|Any CPU = Release|Any CPU
	EndGlobalSection
	GlobalSection(ProjectConfigurationPlatforms) = postSolution
		{EB20517F-45E8-44B9-A5EC-2CD5971A0DDA}.Debug|Any CPU.ActiveCfg = Debug|Any CPU
		{EB20517F-45E8-44B9-A5EC-2CD5971A0DDA}.Debug|Any CPU.Build.0 = Debug|Any CPU
		{EB20517F-45E8-44B9-A5EC-2CD5971A0DDA}.Release|Any CPU.ActiveCfg = Release|Any CPU
		{EB20517F-45E8-44B9-A5EC-2CD5971A0DDA}.Release|Any CPU.Build.0 = Release|Any CPU
	EndGlobalSection
	GlobalSection(SolutionProperties) = preSolution
		HideSolutionNode = FALSE
	EndGlobalSection
	GlobalSection(ExtensibilityGlobals) = postSolution
		SolutionGuid = {4887AEAA-98CD-4779-A530-33A6A2492044}
	EndGlobalSection
EndGlobal
